
Microsoft Visual Studio Solution File, Format Version 12.00
# Visual Studio 14
VisualStudioVersion = 14.0.25420.1
MinimumVisualStudioVersion = 10.0.40219.1
Project("{FAE04EC0-301F-11D3-BF4B-00C04F79EFBC}") = "NewProject", "NewProject\NewProject.csproj", "{DCC7C696-CCD6-41C6-8C35-12A01D134EC9}"
EndProject
Project("{FAE04EC0-301F-11D3-BF4B-00C04F79EFBC}") = "NewProject.Tests", "NewProject.Tests\NewProject.Tests.csproj", "{8578B399-013C-49EC-8E2E-D5D1E3997DF8}"
EndProject
Project("{FAE04EC0-301F-11D3-BF4B-00C04F79EFBC}") = "Model", "Model\Model.csproj", "{5F392828-667D-4D53-B36A-F28DFFF4BC8C}"
EndProject
Global
	GlobalSection(SolutionConfigurationPlatforms) = preSolution
		Debug|Any CPU = Debug|Any CPU
		Release|Any CPU = Release|Any CPU
	EndGlobalSection
	GlobalSection(ProjectConfigurationPlatforms) = postSolution
		{DCC7C696-CCD6-41C6-8C35-12A01D134EC9}.Debug|Any CPU.ActiveCfg = Debug|Any CPU
		{DCC7C696-CCD6-41C6-8C35-12A01D134EC9}.Debug|Any CPU.Build.0 = Debug|Any CPU
		{DCC7C696-CCD6-41C6-8C35-12A01D134EC9}.Release|Any CPU.ActiveCfg = Release|Any CPU
		{DCC7C696-CCD6-41C6-8C35-12A01D134EC9}.Release|Any CPU.Build.0 = Release|Any CPU
		{8578B399-013C-49EC-8E2E-D5D1E3997DF8}.Debug|Any CPU.ActiveCfg = Debug|Any CPU
		{8578B399-013C-49EC-8E2E-D5D1E3997DF8}.Debug|Any CPU.Build.0 = Debug|Any CPU
		{8578B399-013C-49EC-8E2E-D5D1E3997DF8}.Release|Any CPU.ActiveCfg = Release|Any CPU
		{8578B399-013C-49EC-8E2E-D5D1E3997DF8}.Release|Any CPU.Build.0 = Release|Any CPU
		{5F392828-667D-4D53-B36A-F28DFFF4BC8C}.Debug|Any CPU.ActiveCfg = Debug|Any CPU
		{5F392828-667D-4D53-B36A-F28DFFF4BC8C}.Debug|Any CPU.Build.0 = Debug|Any CPU
		{5F392828-667D-4D53-B36A-F28DFFF4BC8C}.Release|Any CPU.ActiveCfg = Release|Any CPU
		{5F392828-667D-4D53-B36A-F28DFFF4BC8C}.Release|Any CPU.Build.0 = Release|Any CPU
	EndGlobalSection
	GlobalSection(SolutionProperties) = preSolution
		HideSolutionNode = FALSE
	EndGlobalSection
EndGlobal
